
Microsoft Visual Studio Solution File, Format Version 12.00
# Visual Studio 15
VisualStudioVersion = 15.0.28307.1259
MinimumVisualStudioVersion = 10.0.40219.1
Project("{8BC9CEB8-8B4A-11D0-8D11-00A0C91BC942}") = "HW", "HW\HW.vcxproj", "{ACB8D120-A541-403E-9CE3-F75A9D96D040}"
EndProject
Global
	GlobalSection(SolutionConfigurationPlatforms) = preSolution
		Debug|x64 = Debug|x64
		Debug|x86 = Debug|x86
		Release|x64 = Release|x64
		Release|x86 = Release|x86
	EndGlobalSection
	GlobalSection(ProjectConfigurationPlatforms) = postSolution
		{ACB8D120-A541-403E-9CE3-F75A9D96D040}.Debug|x64.ActiveCfg = Debug|x64
		{ACB8D120-A541-403E-9CE3-F75A9D96D040}.Debug|x64.Build.0 = Debug|x64
		{ACB8D120-A541-403E-9CE3-F75A9D96D040}.Debug|x86.ActiveCfg = Debug|Win32
		{ACB8D120-A541-403E-9CE3-F75A9D96D040}.Debug|x86.Build.0 = Debug|Win32
		{ACB8D120-A541-403E-9CE3-F75A9D96D040}.Release|x64.ActiveCfg = Release|x64
		{ACB8D120-A541-403E-9CE3-F75A9D96D040}.Release|x64.Build.0 = Release|x64
		{ACB8D120-A541-403E-9CE3-F75A9D96D040}.Release|x86.ActiveCfg = Release|Win32
		{ACB8D120-A541-403E-9CE3-F75A9D96D040}.Release|x86.Build.0 = Release|Win32
	EndGlobalSection
	GlobalSection(SolutionProperties) = preSolution
		HideSolutionNode = FALSE
	EndGlobalSection
	GlobalSection(ExtensibilityGlobals) = postSolution
		SolutionGuid = {DC3FF751-2AF2-4645-AAD9-5D6A224FB11A}
	EndGlobalSection
EndGlobal
